
Microsoft Visual Studio Solution File, Format Version 12.00
# Visual Studio Version 17
VisualStudioVersion = 17.12.35506.116
MinimumVisualStudioVersion = 10.0.40219.1
Project("{9A19103F-16F7-4668-BE54-9A1E7A4F7556}") = "BookManagement.Presentation", "BookManagement\BookManagement.Presentation.csproj", "{B9802807-3812-4BCB-AD52-478E2E04A5C5}"
EndProject
Project("{9A19103F-16F7-4668-BE54-9A1E7A4F7556}") = "BookManagement.Domain", "BookManagement.Domain\BookManagement.Domain.csproj", "{17633C09-7D95-427A-BCB4-A185841DD45E}"
EndProject
Project("{9A19103F-16F7-4668-BE54-9A1E7A4F7556}") = "BookManagement.Application", "BookManagement.Application\BookManagement.Application.csproj", "{6EAB760E-C0FC-4AA8-AE1F-3D883F5F8797}"
EndProject
Project("{9A19103F-16F7-4668-BE54-9A1E7A4F7556}") = "BookManagement.Infrastructure", "BookManagement.Infrastructure\BookManagement.Infrastructure.csproj", "{0A7B8A94-96DA-4094-89E0-F86F2156368D}"
EndProject
Global
	GlobalSection(SolutionConfigurationPlatforms) = preSolution
		Debug|Any CPU = Debug|Any CPU
		Release|Any CPU = Release|Any CPU
	EndGlobalSection
	GlobalSection(ProjectConfigurationPlatforms) = postSolution
		{B9802807-3812-4BCB-AD52-478E2E04A5C5}.Debug|Any CPU.ActiveCfg = Debug|Any CPU
		{B9802807-3812-4BCB-AD52-478E2E04A5C5}.Debug|Any CPU.Build.0 = Debug|Any CPU
		{B9802807-3812-4BCB-AD52-478E2E04A5C5}.Release|Any CPU.ActiveCfg = Release|Any CPU
		{B9802807-3812-4BCB-AD52-478E2E04A5C5}.Release|Any CPU.Build.0 = Release|Any CPU
		{17633C09-7D95-427A-BCB4-A185841DD45E}.Debug|Any CPU.ActiveCfg = Debug|Any CPU
		{17633C09-7D95-427A-BCB4-A185841DD45E}.Debug|Any CPU.Build.0 = Debug|Any CPU
		{17633C09-7D95-427A-BCB4-A185841DD45E}.Release|Any CPU.ActiveCfg = Release|Any CPU
		{17633C09-7D95-427A-BCB4-A185841DD45E}.Release|Any CPU.Build.0 = Release|Any CPU
		{6EAB760E-C0FC-4AA8-AE1F-3D883F5F8797}.Debug|Any CPU.ActiveCfg = Debug|Any CPU
		{6EAB760E-C0FC-4AA8-AE1F-3D883F5F8797}.Debug|Any CPU.Build.0 = Debug|Any CPU
		{6EAB760E-C0FC-4AA8-AE1F-3D883F5F8797}.Release|Any CPU.ActiveCfg = Release|Any CPU
		{6EAB760E-C0FC-4AA8-AE1F-3D883F5F8797}.Release|Any CPU.Build.0 = Release|Any CPU
		{0A7B8A94-96DA-4094-89E0-F86F2156368D}.Debug|Any CPU.ActiveCfg = Debug|Any CPU
		{0A7B8A94-96DA-4094-89E0-F86F2156368D}.Debug|Any CPU.Build.0 = Debug|Any CPU
		{0A7B8A94-96DA-4094-89E0-F86F2156368D}.Release|Any CPU.ActiveCfg = Release|Any CPU
		{0A7B8A94-96DA-4094-89E0-F86F2156368D}.Release|Any CPU.Build.0 = Release|Any CPU
	EndGlobalSection
	GlobalSection(SolutionProperties) = preSolution
		HideSolutionNode = FALSE
	EndGlobalSection
	GlobalSection(ExtensibilityGlobals) = postSolution
		SolutionGuid = {1835C3F4-DBD9-41B7-891F-CE21F6C29E0A}
	EndGlobalSection
EndGlobal
